
Microsoft Visual Studio Solution File, Format Version 12.00
# Visual Studio Version 16
VisualStudioVersion = 16.0.30011.22
MinimumVisualStudioVersion = 10.0.40219.1
Project("{FAE04EC0-301F-11D3-BF4B-00C04F79EFBC}") = "Webshot", "Webshot.csproj", "{FF506C68-CCA4-49D2-8F0E-DFA0A8796A41}"
EndProject
Global
	GlobalSection(SolutionConfigurationPlatforms) = preSolution
		Debug|Any CPU = Debug|Any CPU
		Release|Any CPU = Release|Any CPU
	EndGlobalSection
	GlobalSection(ProjectConfigurationPlatforms) = postSolution
		{FF506C68-CCA4-49D2-8F0E-DFA0A8796A41}.Debug|Any CPU.ActiveCfg = Debug|Any CPU
		{FF506C68-CCA4-49D2-8F0E-DFA0A8796A41}.Debug|Any CPU.Build.0 = Debug|Any CPU
		{FF506C68-CCA4-49D2-8F0E-DFA0A8796A41}.Release|Any CPU.ActiveCfg = Release|Any CPU
		{FF506C68-CCA4-49D2-8F0E-DFA0A8796A41}.Release|Any CPU.Build.0 = Release|Any CPU
	EndGlobalSection
	GlobalSection(SolutionProperties) = preSolution
		HideSolutionNode = FALSE
	EndGlobalSection
	GlobalSection(ExtensibilityGlobals) = postSolution
		SolutionGuid = {3AA5B9FB-F1E2-4D84-A652-4A98661BBE56}
	EndGlobalSection
EndGlobal
